// !$*UTF8*$!
{
	archiveVersion = 1;
	classes = {
	};
	objectVersion = 46;
	objects = {

/* Begin PBXBuildFile section */
		C80E52641E86E47D0015D918 /* LoadingCell.xib in Resources */ = {isa = PBXBuildFile; fileRef = C80E52631E86E47D0015D918 /* LoadingCell.xib */; };
		C840D50D1E89A83F00547FDB /* GradientView.swift in Sources */ = {isa = PBXBuildFile; fileRef = C840D50C1E89A83F00547FDB /* GradientView.swift */; };
		C840D50F1E89B33100547FDB /* BounceAnimationController.swift in Sources */ = {isa = PBXBuildFile; fileRef = C840D50E1E89B33100547FDB /* BounceAnimationController.swift */; };
		C8484C1E1E8AE32D00DFB100 /* SlideOutAnimationController.swift in Sources */ = {isa = PBXBuildFile; fileRef = C8484C1D1E8AE32D00DFB100 /* SlideOutAnimationController.swift */; };
		C848CBD91E84552500563234 /* NothingFoundCell.xib in Resources */ = {isa = PBXBuildFile; fileRef = C848CBD81E84552500563234 /* NothingFoundCell.xib */; };
		C85666801E8308E700DC4F90 /* AppDelegate.swift in Sources */ = {isa = PBXBuildFile; fileRef = C856667F1E8308E700DC4F90 /* AppDelegate.swift */; };
		C85666821E8308E700DC4F90 /* SearchViewController.swift in Sources */ = {isa = PBXBuildFile; fileRef = C85666811E8308E700DC4F90 /* SearchViewController.swift */; };
		C85666851E8308E800DC4F90 /* Main.storyboard in Resources */ = {isa = PBXBuildFile; fileRef = C85666831E8308E800DC4F90 /* Main.storyboard */; };
		C85666871E8308E800DC4F90 /* Assets.xcassets in Resources */ = {isa = PBXBuildFile; fileRef = C85666861E8308E800DC4F90 /* Assets.xcassets */; };
		C85666921E831FFD00DC4F90 /* SearchResult.swift in Sources */ = {isa = PBXBuildFile; fileRef = C85666911E831FFD00DC4F90 /* SearchResult.swift */; };
		C85666941E83337600DC4F90 /* SearchResultCell.xib in Resources */ = {isa = PBXBuildFile; fileRef = C85666931E83337600DC4F90 /* SearchResultCell.xib */; };
		C85666961E83386F00DC4F90 /* SearchResultCell.swift in Sources */ = {isa = PBXBuildFile; fileRef = C85666951E83386F00DC4F90 /* SearchResultCell.swift */; };
		C8706A911E88480900B37BE8 /* UIImageView+DownloadImage.swift in Sources */ = {isa = PBXBuildFile; fileRef = C8706A901E88480900B37BE8 /* UIImageView+DownloadImage.swift */; };
		C8706A931E885D8B00B37BE8 /* DetailViewController.swift in Sources */ = {isa = PBXBuildFile; fileRef = C8706A921E885D8B00B37BE8 /* DetailViewController.swift */; };
		C8706A951E88629A00B37BE8 /* DimmingPresentationController.swift in Sources */ = {isa = PBXBuildFile; fileRef = C8706A941E88629A00B37BE8 /* DimmingPresentationController.swift */; };
/* End PBXBuildFile section */

/* Begin PBXFileReference section */
		C80E52631E86E47D0015D918 /* LoadingCell.xib */ = {isa = PBXFileReference; fileEncoding = 4; lastKnownFileType = file.xib; path = LoadingCell.xib; sourceTree = "<group>"; };
		C840D50C1E89A83F00547FDB /* GradientView.swift */ = {isa = PBXFileReference; fileEncoding = 4; lastKnownFileType = sourcecode.swift; path = GradientView.swift; sourceTree = "<group>"; };
		C840D50E1E89B33100547FDB /* BounceAnimationController.swift */ = {isa = PBXFileReference; fileEncoding = 4; lastKnownFileType = sourcecode.swift; path = BounceAnimationController.swift; sourceTree = "<group>"; };
		C8484C1D1E8AE32D00DFB100 /* SlideOutAnimationController.swift */ = {isa = PBXFileReference; fileEncoding = 4; lastKnownFileType = sourcecode.swift; path = SlideOutAnimationController.swift; sourceTree = "<group>"; };
		C848CBD81E84552500563234 /* NothingFoundCell.xib */ = {isa = PBXFileReference; fileEncoding = 4; lastKnownFileType = file.xib; path = NothingFoundCell.xib; sourceTree = "<group>"; };
		C856667C1E8308E700DC4F90 /* StoreSearchTutorial4.app */ = {isa = PBXFileReference; explicitFileType = wrapper.application; includeInIndex = 0; path = StoreSearchTutorial4.app; sourceTree = BUILT_PRODUCTS_DIR; };
		C856667F1E8308E700DC4F90 /* AppDelegate.swift */ = {isa = PBXFileReference; lastKnownFileType = sourcecode.swift; path = AppDelegate.swift; sourceTree = "<group>"; };
		C85666811E8308E700DC4F90 /* SearchViewController.swift */ = {isa = PBXFileReference; lastKnownFileType = sourcecode.swift; path = SearchViewController.swift; sourceTree = "<group>"; };
		C85666841E8308E800DC4F90 /* Base */ = {isa = PBXFileReference; lastKnownFileType = file.storyboard; name = Base; path = Base.lproj/Main.storyboard; sourceTree = "<group>"; };
		C85666861E8308E800DC4F90 /* Assets.xcassets */ = {isa = PBXFileReference; lastKnownFileType = folder.assetcatalog; path = Assets.xcassets; sourceTree = "<group>"; };
		C856668B1E8308E800DC4F90 /* Info.plist */ = {isa = PBXFileReference; lastKnownFileType = text.plist.xml; path = Info.plist; sourceTree = "<group>"; };
		C85666911E831FFD00DC4F90 /* SearchResult.swift */ = {isa = PBXFileReference; fileEncoding = 4; lastKnownFileType = sourcecode.swift; path = SearchResult.swift; sourceTree = "<group>"; };
		C85666931E83337600DC4F90 /* SearchResultCell.xib */ = {isa = PBXFileReference; fileEncoding = 4; lastKnownFileType = file.xib; path = SearchResultCell.xib; sourceTree = "<group>"; };
		C85666951E83386F00DC4F90 /* SearchResultCell.swift */ = {isa = PBXFileReference; fileEncoding = 4; lastKnownFileType = sourcecode.swift; path = SearchResultCell.swift; sourceTree = "<group>"; };
		C8706A901E88480900B37BE8 /* UIImageView+DownloadImage.swift */ = {isa = PBXFileReference; fileEncoding = 4; lastKnownFileType = sourcecode.swift; path = "UIImageView+DownloadImage.swift"; sourceTree = "<group>"; };
		C8706A921E885D8B00B37BE8 /* DetailViewController.swift */ = {isa = PBXFileReference; fileEncoding = 4; lastKnownFileType = sourcecode.swift; path = DetailViewController.swift; sourceTree = "<group>"; };
		C8706A941E88629A00B37BE8 /* DimmingPresentationController.swift */ = {isa = PBXFileReference; fileEncoding = 4; lastKnownFileType = sourcecode.swift; name = DimmingPresentationController.swift; path = ../DimmingPresentationController.swift; sourceTree = "<group>"; };
/* End PBXFileReference section */

/* Begin PBXFrameworksBuildPhase section */
		C85666791E8308E700DC4F90 /* Frameworks */ = {
			isa = PBXFrameworksBuildPhase;
			buildActionMask = 2147483647;
			files = (
			);
			runOnlyForDeploymentPostprocessing = 0;
		};
/* End PBXFrameworksBuildPhase section */

/* Begin PBXGroup section */
		C85666731E8308E700DC4F90 = {
			isa = PBXGroup;
			children = (
				C856667E1E8308E700DC4F90 /* StoreSearchTutorial4 */,
				C856667D1E8308E700DC4F90 /* Products */,
			);
			sourceTree = "<group>";
		};
		C856667D1E8308E700DC4F90 /* Products */ = {
			isa = PBXGroup;
			children = (
				C856667C1E8308E700DC4F90 /* StoreSearchTutorial4.app */,
			);
			name = Products;
			sourceTree = "<group>";
		};
		C856667E1E8308E700DC4F90 /* StoreSearchTutorial4 */ = {
			isa = PBXGroup;
			children = (
				C85666831E8308E800DC4F90 /* Main.storyboard */,
				C840D50C1E89A83F00547FDB /* GradientView.swift */,
				C856667F1E8308E700DC4F90 /* AppDelegate.swift */,
				C85666811E8308E700DC4F90 /* SearchViewController.swift */,
				C85666951E83386F00DC4F90 /* SearchResultCell.swift */,
				C8706A921E885D8B00B37BE8 /* DetailViewController.swift */,
				C840D50E1E89B33100547FDB /* BounceAnimationController.swift */,
				C8484C1D1E8AE32D00DFB100 /* SlideOutAnimationController.swift */,
				C8706A941E88629A00B37BE8 /* DimmingPresentationController.swift */,
				C8706A901E88480900B37BE8 /* UIImageView+DownloadImage.swift */,
				C85666911E831FFD00DC4F90 /* SearchResult.swift */,
				C85666931E83337600DC4F90 /* SearchResultCell.xib */,
				C848CBD81E84552500563234 /* NothingFoundCell.xib */,
				C80E52631E86E47D0015D918 /* LoadingCell.xib */,
				C85666861E8308E800DC4F90 /* Assets.xcassets */,
				C856668B1E8308E800DC4F90 /* Info.plist */,
			);
			path = StoreSearchTutorial4;
			sourceTree = "<group>";
		};
/* End PBXGroup section */

/* Begin PBXNativeTarget section */
		C856667B1E8308E700DC4F90 /* StoreSearchTutorial4 */ = {
			isa = PBXNativeTarget;
			buildConfigurationList = C856668E1E8308E800DC4F90 /* Build configuration list for PBXNativeTarget "StoreSearchTutorial4" */;
			buildPhases = (
				C85666781E8308E700DC4F90 /* Sources */,
				C85666791E8308E700DC4F90 /* Frameworks */,
				C856667A1E8308E700DC4F90 /* Resources */,
			);
			buildRules = (
			);
			dependencies = (
			);
			name = StoreSearchTutorial4;
			productName = StoreSearchTutorial4;
			productReference = C856667C1E8308E700DC4F90 /* StoreSearchTutorial4.app */;
			productType = "com.apple.product-type.application";
		};
/* End PBXNativeTarget section */

/* Begin PBXProject section */
		C85666741E8308E700DC4F90 /* Project object */ = {
			isa = PBXProject;
			attributes = {
				LastSwiftUpdateCheck = 0820;
				LastUpgradeCheck = 0820;
				ORGANIZATIONNAME = "Paweł Liczmański";
				TargetAttributes = {
					C856667B1E8308E700DC4F90 = {
						CreatedOnToolsVersion = 8.2.1;
						DevelopmentTeam = DBAJNSTG63;
						ProvisioningStyle = Automatic;
					};
				};
			};
			buildConfigurationList = C85666771E8308E700DC4F90 /* Build configuration list for PBXProject "StoreSearchTutorial4" */;
			compatibilityVersion = "Xcode 3.2";
			developmentRegion = English;
			hasScannedForEncodings = 0;
			knownRegions = (
				en,
				Base,
			);
			mainGroup = C85666731E8308E700DC4F90;
			productRefGroup = C856667D1E8308E700DC4F90 /* Products */;
			projectDirPath = "";
			projectRoot = "";
			targets = (
				C856667B1E8308E700DC4F90 /* StoreSearchTutorial4 */,
			);
		};
/* End PBXProject section */

/* Begin PBXResourcesBuildPhase section */
		C856667A1E8308E700DC4F90 /* Resources */ = {
			isa = PBXResourcesBuildPhase;
			buildActionMask = 2147483647;
			files = (
				C85666871E8308E800DC4F90 /* Assets.xcassets in Resources */,
				C80E52641E86E47D0015D918 /* LoadingCell.xib in Resources */,
				C85666941E83337600DC4F90 /* SearchResultCell.xib in Resources */,
				C848CBD91E84552500563234 /* NothingFoundCell.xib in Resources */,
				C85666851E8308E800DC4F90 /* Main.storyboard in Resources */,
			);
			runOnlyForDeploymentPostprocessing = 0;
		};
/* End PBXResourcesBuildPhase section */

/* Begin PBXSourcesBuildPhase section */
		C85666781E8308E700DC4F90 /* Sources */ = {
			isa = PBXSourcesBuildPhase;
			buildActionMask = 2147483647;
			files = (
				C85666821E8308E700DC4F90 /* SearchViewController.swift in Sources */,
				C8706A951E88629A00B37BE8 /* DimmingPresentationController.swift in Sources */,
				C85666921E831FFD00DC4F90 /* SearchResult.swift in Sources */,
				C85666961E83386F00DC4F90 /* SearchResultCell.swift in Sources */,
				C840D50F1E89B33100547FDB /* BounceAnimationController.swift in Sources */,
				C8706A931E885D8B00B37BE8 /* DetailViewController.swift in Sources */,
				C85666801E8308E700DC4F90 /* AppDelegate.swift in Sources */,
				C840D50D1E89A83F00547FDB /* GradientView.swift in Sources */,
				C8706A911E88480900B37BE8 /* UIImageView+DownloadImage.swift in Sources */,
				C8484C1E1E8AE32D00DFB100 /* SlideOutAnimationController.swift in Sources */,
			);
			runOnlyForDeploymentPostprocessing = 0;
		};
/* End PBXSourcesBuildPhase section */

/* Begin PBXVariantGroup section */
		C85666831E8308E800DC4F90 /* Main.storyboard */ = {
			isa = PBXVariantGroup;
			children = (
				C85666841E8308E800DC4F90 /* Base */,
			);
			name = Main.storyboard;
			sourceTree = "<group>";
		};
/* End PBXVariantGroup section */

/* Begin XCBuildConfiguration section */
		C856668C1E8308E800DC4F90 /* Debug */ = {
			isa = XCBuildConfiguration;
			buildSettings = {
				ALWAYS_SEARCH_USER_PATHS = NO;
				CLANG_ANALYZER_NONNULL = YES;
				CLANG_CXX_LANGUAGE_STANDARD = "gnu++0x";
				CLANG_CXX_LIBRARY = "libc++";
				CLANG_ENABLE_MODULES = YES;
				CLANG_ENABLE_OBJC_ARC = YES;
				CLANG_WARN_BOOL_CONVERSION = YES;
				CLANG_WARN_CONSTANT_CONVERSION = YES;
				CLANG_WARN_DIRECT_OBJC_ISA_USAGE = YES_ERROR;
				CLANG_WARN_DOCUMENTATION_COMMENTS = YES;
				CLANG_WARN_EMPTY_BODY = YES;
				CLANG_WARN_ENUM_CONVERSION = YES;
				CLANG_WARN_INFINITE_RECURSION = YES;
				CLANG_WARN_INT_CONVERSION = YES;
				CLANG_WARN_OBJC_ROOT_CLASS = YES_ERROR;
				CLANG_WARN_SUSPICIOUS_MOVE = YES;
				CLANG_WARN_UNREACHABLE_CODE = YES;
				CLANG_WARN__DUPLICATE_METHOD_MATCH = YES;
				"CODE_SIGN_IDENTITY[sdk=iphoneos*]" = "iPhone Developer";
				COPY_PHASE_STRIP = NO;
				DEBUG_INFORMATION_FORMAT = dwarf;
				ENABLE_STRICT_OBJC_MSGSEND = YES;
				ENABLE_TESTABILITY = YES;
				GCC_C_LANGUAGE_STANDARD = gnu99;
				GCC_DYNAMIC_NO_PIC = NO;
				GCC_NO_COMMON_BLOCKS = YES;
				GCC_OPTIMIZATION_LEVEL = 0;
				GCC_PREPROCESSOR_DEFINITIONS = (
					"DEBUG=1",
					"$(inherited)",
				);
				GCC_WARN_64_TO_32_BIT_CONVERSION = YES;
				GCC_WARN_ABOUT_RETURN_TYPE = YES_ERROR;
				GCC_WARN_UNDECLARED_SELECTOR = YES;
				GCC_WARN_UNINITIALIZED_AUTOS = YES_AGGRESSIVE;
				GCC_WARN_UNUSED_FUNCTION = YES;
				GCC_WARN_UNUSED_VARIABLE = YES;
				IPHONEOS_DEPLOYMENT_TARGET = 10.2;
				MTL_ENABLE_DEBUG_INFO = YES;
				ONLY_ACTIVE_ARCH = YES;
				SDKROOT = iphoneos;
				SWIFT_ACTIVE_COMPILATION_CONDITIONS = DEBUG;
				SWIFT_OPTIMIZATION_LEVEL = "-Onone";
			};
			name = Debug;
		};
		C856668D1E8308E800DC4F90 /* Release */ = {
			isa = XCBuildConfiguration;
			buildSettings = {
				ALWAYS_SEARCH_USER_PATHS = NO;
				CLANG_ANALYZER_NONNULL = YES;
				CLANG_CXX_LANGUAGE_STANDARD = "gnu++0x";
				CLANG_CXX_LIBRARY = "libc++";
				CLANG_ENABLE_MODULES = YES;
				CLANG_ENABLE_OBJC_ARC = YES;
				CLANG_WARN_BOOL_CONVERSION = YES;
				CLANG_WARN_CONSTANT_CONVERSION = YES;
				CLANG_WARN_DIRECT_OBJC_ISA_USAGE = YES_ERROR;
				CLANG_WARN_DOCUMENTATION_COMMENTS = YES;
				CLANG_WARN_EMPTY_BODY = YES;
				CLANG_WARN_ENUM_CONVERSION = YES;
				CLANG_WARN_INFINITE_RECURSION = YES;
				CLANG_WARN_INT_CONVERSION = YES;
				CLANG_WARN_OBJC_ROOT_CLASS = YES_ERROR;
				CLANG_WARN_SUSPICIOUS_MOVE = YES;
				CLANG_WARN_UNREACHABLE_CODE = YES;
				CLANG_WARN__DUPLICATE_METHOD_MATCH = YES;
				"CODE_SIGN_IDENTITY[sdk=iphoneos*]" = "iPhone Developer";
				COPY_PHASE_STRIP = NO;
				DEBUG_INFORMATION_FORMAT = "dwarf-with-dsym";
				ENABLE_NS_ASSERTIONS = NO;
				ENABLE_STRICT_OBJC_MSGSEND = YES;
				GCC_C_LANGUAGE_STANDARD = gnu99;
				GCC_NO_COMMON_BLOCKS = YES;
				GCC_WARN_64_TO_32_BIT_CONVERSION = YES;
				GCC_WARN_ABOUT_RETURN_TYPE = YES_ERROR;
				GCC_WARN_UNDECLARED_SELECTOR = YES;
				GCC_WARN_UNINITIALIZED_AUTOS = YES_AGGRESSIVE;
				GCC_WARN_UNUSED_FUNCTION = YES;
				GCC_WARN_UNUSED_VARIABLE = YES;
				IPHONEOS_DEPLOYMENT_TARGET = 10.2;
				MTL_ENABLE_DEBUG_INFO = NO;
				SDKROOT = iphoneos;
				SWIFT_OPTIMIZATION_LEVEL = "-Owholemodule";
				VALIDATE_PRODUCT = YES;
			};
			name = Release;
		};
		C856668F1E8308E800DC4F90 /* Debug */ = {
			isa = XCBuildConfiguration;
			buildSettings = {
				ASSETCATALOG_COMPILER_APPICON_NAME = AppIcon;
				DEVELOPMENT_TEAM = DBAJNSTG63;
				INFOPLIST_FILE = StoreSearchTutorial4/Info.plist;
				LD_RUNPATH_SEARCH_PATHS = "$(inherited) @executable_path/Frameworks";
				PRODUCT_BUNDLE_IDENTIFIER = com.pawelliczmanski.StoreSearchTutorial4;
				PRODUCT_NAME = "$(TARGET_NAME)";
				SWIFT_VERSION = 3.0;
			};
			name = Debug;
		};
		C85666901E8308E800DC4F90 /* Release */ = {
			isa = XCBuildConfiguration;
			buildSettings = {
				ASSETCATALOG_COMPILER_APPICON_NAME = AppIcon;
				DEVELOPMENT_TEAM = DBAJNSTG63;
				INFOPLIST_FILE = StoreSearchTutorial4/Info.plist;
				LD_RUNPATH_SEARCH_PATHS = "$(inherited) @executable_path/Frameworks";
				PRODUCT_BUNDLE_IDENTIFIER = com.pawelliczmanski.StoreSearchTutorial4;
				PRODUCT_NAME = "$(TARGET_NAME)";
				SWIFT_VERSION = 3.0;
			};
			name = Release;
		};
/* End XCBuildConfiguration section */

/* Begin XCConfigurationList section */
		C85666771E8308E700DC4F90 /* Build configuration list for PBXProject "StoreSearchTutorial4" */ = {
			isa = XCConfigurationList;
			buildConfigurations = (
				C856668C1E8308E800DC4F90 /* Debug */,
				C856668D1E8308E800DC4F90 /* Release */,
			);
			defaultConfigurationIsVisible = 0;
			defaultConfigurationName = Release;
		};
		C856668E1E8308E800DC4F90 /* Build configuration list for PBXNativeTarget "StoreSearchTutorial4" */ = {
			isa = XCConfigurationList;
			buildConfigurations = (
				C856668F1E8308E800DC4F90 /* Debug */,
				C85666901E8308E800DC4F90 /* Release */,
			);
			defaultConfigurationIsVisible = 0;
			defaultConfigurationName = Release;
		};
/* End XCConfigurationList section */
	};
	rootObject = C85666741E8308E700DC4F90 /* Project object */;
}
